
Microsoft Visual Studio Solution File, Format Version 12.00
# Visual Studio Version 17
VisualStudioVersion = 17.4.33403.182
MinimumVisualStudioVersion = 15.0.26124.0
Project("{2150E333-8FDC-42A3-9474-1A3956D46DE8}") = "MinimalAPIs", "MinimalAPIs", "{4650B197-ABC0-4831-A2E7-F3409CA23553}"
EndProject
Project("{2150E333-8FDC-42A3-9474-1A3956D46DE8}") = "src", "src", "{D5D473C7-62FC-47DA-87F2-1F893E65793F}"
EndProject
Project("{9A19103F-16F7-4668-BE54-9A1E7A4F7556}") = "MyFirstNetCoreAPI.WebAPI", "MinimalAPIs\src\MyFirstNetCoreAPI.WebAPI\MyFirstNetCoreAPI.WebAPI.csproj", "{8C2E281E-98EE-425F-87D2-5671EAE08E6D}"
EndProject
Project("{2150E333-8FDC-42A3-9474-1A3956D46DE8}") = "FastEndpoints", "FastEndpoints", "{6C0B4782-33C5-4BF0-8513-11CA780E196A}"
EndProject
Project("{2150E333-8FDC-42A3-9474-1A3956D46DE8}") = "src", "src", "{AB61F9F8-BAD9-4FEB-A998-17B43F45EA74}"
EndProject
Project("{9A19103F-16F7-4668-BE54-9A1E7A4F7556}") = "MyFirstNetCoreAPI.WebAPI", "FastEndpoints\src\MyFirstNetCoreAPI.WebAPI\MyFirstNetCoreAPI.WebAPI.csproj", "{0D3F9C1B-8EA4-49E7-972A-43E40736A09F}"
EndProject
Project("{2150E333-8FDC-42A3-9474-1A3956D46DE8}") = "Commons", "Commons", "{3720D927-0B35-40EC-8F5B-9C712B193FAD}"
EndProject
Project("{2150E333-8FDC-42A3-9474-1A3956D46DE8}") = "src", "src", "{C3A14D73-CED2-4559-91F0-2C15F555C663}"
EndProject
Project("{2150E333-8FDC-42A3-9474-1A3956D46DE8}") = "tests", "tests", "{243F4D1E-BEB7-4F4C-8326-9E3D7A2B8EBE}"
EndProject
Project("{9A19103F-16F7-4668-BE54-9A1E7A4F7556}") = "Commons.Data", "Commons\src\Commons.Data\Commons.Data.csproj", "{85FCDA38-991E-4CE8-9F58-D4D5E3879FD7}"
EndProject
Project("{9A19103F-16F7-4668-BE54-9A1E7A4F7556}") = "Commons.DTOs", "Commons\src\Commons.DTOs\Commons.DTOs.csproj", "{70496ABC-F5F6-4FE3-BA71-F1900C9899D4}"
EndProject
Project("{2150E333-8FDC-42A3-9474-1A3956D46DE8}") = "Controllers", "Controllers", "{9E83074C-13DB-4B63-AD12-F8CDB0AE34A5}"
EndProject
Project("{2150E333-8FDC-42A3-9474-1A3956D46DE8}") = "src", "src", "{DCA54FF7-DBD5-44DB-B440-D75075B0E8DE}"
EndProject
Project("{9A19103F-16F7-4668-BE54-9A1E7A4F7556}") = "MyFirstNetCoreAPI.WebAPI", "Controllers\src\MyFirstNetCoreAPI.WebAPI\MyFirstNetCoreAPI.WebAPI.csproj", "{DBF8AF03-9652-46A2-8934-87AEE02D735E}"
EndProject
Project("{9A19103F-16F7-4668-BE54-9A1E7A4F7556}") = "Commons.DTOs.Tests", "Commons\tests\Commons.DTOs.Tests\Commons.DTOs.Tests.csproj", "{A10906F1-CF35-49B0-8AF6-93187490BCBA}"
EndProject
Project("{2150E333-8FDC-42A3-9474-1A3956D46DE8}") = "IDP", "IDP", "{9729D28E-0A24-42CF-ADC0-60FDFD3240B2}"
EndProject
Project("{2150E333-8FDC-42A3-9474-1A3956D46DE8}") = "src", "src", "{66F6013F-12F8-4BE7-B66B-223E59DA53E8}"
EndProject
Global
	GlobalSection(SolutionConfigurationPlatforms) = preSolution
		Debug|Any CPU = Debug|Any CPU
		Debug|x64 = Debug|x64
		Debug|x86 = Debug|x86
		Release|Any CPU = Release|Any CPU
		Release|x64 = Release|x64
		Release|x86 = Release|x86
	EndGlobalSection
	GlobalSection(ProjectConfigurationPlatforms) = postSolution
		{8C2E281E-98EE-425F-87D2-5671EAE08E6D}.Debug|Any CPU.ActiveCfg = Debug|Any CPU
		{8C2E281E-98EE-425F-87D2-5671EAE08E6D}.Debug|Any CPU.Build.0 = Debug|Any CPU
		{8C2E281E-98EE-425F-87D2-5671EAE08E6D}.Debug|x64.ActiveCfg = Debug|Any CPU
		{8C2E281E-98EE-425F-87D2-5671EAE08E6D}.Debug|x64.Build.0 = Debug|Any CPU
		{8C2E281E-98EE-425F-87D2-5671EAE08E6D}.Debug|x86.ActiveCfg = Debug|Any CPU
		{8C2E281E-98EE-425F-87D2-5671EAE08E6D}.Debug|x86.Build.0 = Debug|Any CPU
		{8C2E281E-98EE-425F-87D2-5671EAE08E6D}.Release|Any CPU.ActiveCfg = Release|Any CPU
		{8C2E281E-98EE-425F-87D2-5671EAE08E6D}.Release|Any CPU.Build.0 = Release|Any CPU
		{8C2E281E-98EE-425F-87D2-5671EAE08E6D}.Release|x64.ActiveCfg = Release|Any CPU
		{8C2E281E-98EE-425F-87D2-5671EAE08E6D}.Release|x64.Build.0 = Release|Any CPU
		{8C2E281E-98EE-425F-87D2-5671EAE08E6D}.Release|x86.ActiveCfg = Release|Any CPU
		{8C2E281E-98EE-425F-87D2-5671EAE08E6D}.Release|x86.Build.0 = Release|Any CPU
		{0D3F9C1B-8EA4-49E7-972A-43E40736A09F}.Debug|Any CPU.ActiveCfg = Debug|Any CPU
		{0D3F9C1B-8EA4-49E7-972A-43E40736A09F}.Debug|Any CPU.Build.0 = Debug|Any CPU
		{0D3F9C1B-8EA4-49E7-972A-43E40736A09F}.Debug|x64.ActiveCfg = Debug|Any CPU
		{0D3F9C1B-8EA4-49E7-972A-43E40736A09F}.Debug|x64.Build.0 = Debug|Any CPU
		{0D3F9C1B-8EA4-49E7-972A-43E40736A09F}.Debug|x86.ActiveCfg = Debug|Any CPU
		{0D3F9C1B-8EA4-49E7-972A-43E40736A09F}.Debug|x86.Build.0 = Debug|Any CPU
		{0D3F9C1B-8EA4-49E7-972A-43E40736A09F}.Release|Any CPU.ActiveCfg = Release|Any CPU
		{0D3F9C1B-8EA4-49E7-972A-43E40736A09F}.Release|Any CPU.Build.0 = Release|Any CPU
		{0D3F9C1B-8EA4-49E7-972A-43E40736A09F}.Release|x64.ActiveCfg = Release|Any CPU
		{0D3F9C1B-8EA4-49E7-972A-43E40736A09F}.Release|x64.Build.0 = Release|Any CPU
		{0D3F9C1B-8EA4-49E7-972A-43E40736A09F}.Release|x86.ActiveCfg = Release|Any CPU
		{0D3F9C1B-8EA4-49E7-972A-43E40736A09F}.Release|x86.Build.0 = Release|Any CPU
		{85FCDA38-991E-4CE8-9F58-D4D5E3879FD7}.Debug|Any CPU.ActiveCfg = Debug|Any CPU
		{85FCDA38-991E-4CE8-9F58-D4D5E3879FD7}.Debug|Any CPU.Build.0 = Debug|Any CPU
		{85FCDA38-991E-4CE8-9F58-D4D5E3879FD7}.Debug|x64.ActiveCfg = Debug|Any CPU
		{85FCDA38-991E-4CE8-9F58-D4D5E3879FD7}.Debug|x64.Build.0 = Debug|Any CPU
		{85FCDA38-991E-4CE8-9F58-D4D5E3879FD7}.Debug|x86.ActiveCfg = Debug|Any CPU
		{85FCDA38-991E-4CE8-9F58-D4D5E3879FD7}.Debug|x86.Build.0 = Debug|Any CPU
		{85FCDA38-991E-4CE8-9F58-D4D5E3879FD7}.Release|Any CPU.ActiveCfg = Release|Any CPU
		{85FCDA38-991E-4CE8-9F58-D4D5E3879FD7}.Release|Any CPU.Build.0 = Release|Any CPU
		{85FCDA38-991E-4CE8-9F58-D4D5E3879FD7}.Release|x64.ActiveCfg = Release|Any CPU
		{85FCDA38-991E-4CE8-9F58-D4D5E3879FD7}.Release|x64.Build.0 = Release|Any CPU
		{85FCDA38-991E-4CE8-9F58-D4D5E3879FD7}.Release|x86.ActiveCfg = Release|Any CPU
		{85FCDA38-991E-4CE8-9F58-D4D5E3879FD7}.Release|x86.Build.0 = Release|Any CPU
		{70496ABC-F5F6-4FE3-BA71-F1900C9899D4}.Debug|Any CPU.ActiveCfg = Debug|Any CPU
		{70496ABC-F5F6-4FE3-BA71-F1900C9899D4}.Debug|Any CPU.Build.0 = Debug|Any CPU
		{70496ABC-F5F6-4FE3-BA71-F1900C9899D4}.Debug|x64.ActiveCfg = Debug|Any CPU
		{70496ABC-F5F6-4FE3-BA71-F1900C9899D4}.Debug|x64.Build.0 = Debug|Any CPU
		{70496ABC-F5F6-4FE3-BA71-F1900C9899D4}.Debug|x86.ActiveCfg = Debug|Any CPU
		{70496ABC-F5F6-4FE3-BA71-F1900C9899D4}.Debug|x86.Build.0 = Debug|Any CPU
		{70496ABC-F5F6-4FE3-BA71-F1900C9899D4}.Release|Any CPU.ActiveCfg = Release|Any CPU
		{70496ABC-F5F6-4FE3-BA71-F1900C9899D4}.Release|Any CPU.Build.0 = Release|Any CPU
		{70496ABC-F5F6-4FE3-BA71-F1900C9899D4}.Release|x64.ActiveCfg = Release|Any CPU
		{70496ABC-F5F6-4FE3-BA71-F1900C9899D4}.Release|x64.Build.0 = Release|Any CPU
		{70496ABC-F5F6-4FE3-BA71-F1900C9899D4}.Release|x86.ActiveCfg = Release|Any CPU
		{70496ABC-F5F6-4FE3-BA71-F1900C9899D4}.Release|x86.Build.0 = Release|Any CPU
		{DBF8AF03-9652-46A2-8934-87AEE02D735E}.Debug|Any CPU.ActiveCfg = Debug|Any CPU
		{DBF8AF03-9652-46A2-8934-87AEE02D735E}.Debug|Any CPU.Build.0 = Debug|Any CPU
		{DBF8AF03-9652-46A2-8934-87AEE02D735E}.Debug|x64.ActiveCfg = Debug|Any CPU
		{DBF8AF03-9652-46A2-8934-87AEE02D735E}.Debug|x64.Build.0 = Debug|Any CPU
		{DBF8AF03-9652-46A2-8934-87AEE02D735E}.Debug|x86.ActiveCfg = Debug|Any CPU
		{DBF8AF03-9652-46A2-8934-87AEE02D735E}.Debug|x86.Build.0 = Debug|Any CPU
		{DBF8AF03-9652-46A2-8934-87AEE02D735E}.Release|Any CPU.ActiveCfg = Release|Any CPU
		{DBF8AF03-9652-46A2-8934-87AEE02D735E}.Release|Any CPU.Build.0 = Release|Any CPU
		{DBF8AF03-9652-46A2-8934-87AEE02D735E}.Release|x64.ActiveCfg = Release|Any CPU
		{DBF8AF03-9652-46A2-8934-87AEE02D735E}.Release|x64.Build.0 = Release|Any CPU
		{DBF8AF03-9652-46A2-8934-87AEE02D735E}.Release|x86.ActiveCfg = Release|Any CPU
		{DBF8AF03-9652-46A2-8934-87AEE02D735E}.Release|x86.Build.0 = Release|Any CPU
		{A10906F1-CF35-49B0-8AF6-93187490BCBA}.Debug|Any CPU.ActiveCfg = Debug|Any CPU
		{A10906F1-CF35-49B0-8AF6-93187490BCBA}.Debug|Any CPU.Build.0 = Debug|Any CPU
		{A10906F1-CF35-49B0-8AF6-93187490BCBA}.Debug|x64.ActiveCfg = Debug|Any CPU
		{A10906F1-CF35-49B0-8AF6-93187490BCBA}.Debug|x64.Build.0 = Debug|Any CPU
		{A10906F1-CF35-49B0-8AF6-93187490BCBA}.Debug|x86.ActiveCfg = Debug|Any CPU
		{A10906F1-CF35-49B0-8AF6-93187490BCBA}.Debug|x86.Build.0 = Debug|Any CPU
		{A10906F1-CF35-49B0-8AF6-93187490BCBA}.Release|Any CPU.ActiveCfg = Release|Any CPU
		{A10906F1-CF35-49B0-8AF6-93187490BCBA}.Release|Any CPU.Build.0 = Release|Any CPU
		{A10906F1-CF35-49B0-8AF6-93187490BCBA}.Release|x64.ActiveCfg = Release|Any CPU
		{A10906F1-CF35-49B0-8AF6-93187490BCBA}.Release|x64.Build.0 = Release|Any CPU
		{A10906F1-CF35-49B0-8AF6-93187490BCBA}.Release|x86.ActiveCfg = Release|Any CPU
		{A10906F1-CF35-49B0-8AF6-93187490BCBA}.Release|x86.Build.0 = Release|Any CPU
	EndGlobalSection
	GlobalSection(SolutionProperties) = preSolution
		HideSolutionNode = FALSE
	EndGlobalSection
	GlobalSection(NestedProjects) = preSolution
		{D5D473C7-62FC-47DA-87F2-1F893E65793F} = {4650B197-ABC0-4831-A2E7-F3409CA23553}
		{8C2E281E-98EE-425F-87D2-5671EAE08E6D} = {D5D473C7-62FC-47DA-87F2-1F893E65793F}
		{AB61F9F8-BAD9-4FEB-A998-17B43F45EA74} = {6C0B4782-33C5-4BF0-8513-11CA780E196A}
		{0D3F9C1B-8EA4-49E7-972A-43E40736A09F} = {AB61F9F8-BAD9-4FEB-A998-17B43F45EA74}
		{C3A14D73-CED2-4559-91F0-2C15F555C663} = {3720D927-0B35-40EC-8F5B-9C712B193FAD}
		{243F4D1E-BEB7-4F4C-8326-9E3D7A2B8EBE} = {3720D927-0B35-40EC-8F5B-9C712B193FAD}
		{85FCDA38-991E-4CE8-9F58-D4D5E3879FD7} = {C3A14D73-CED2-4559-91F0-2C15F555C663}
		{70496ABC-F5F6-4FE3-BA71-F1900C9899D4} = {C3A14D73-CED2-4559-91F0-2C15F555C663}
		{DCA54FF7-DBD5-44DB-B440-D75075B0E8DE} = {9E83074C-13DB-4B63-AD12-F8CDB0AE34A5}
		{DBF8AF03-9652-46A2-8934-87AEE02D735E} = {DCA54FF7-DBD5-44DB-B440-D75075B0E8DE}
		{A10906F1-CF35-49B0-8AF6-93187490BCBA} = {243F4D1E-BEB7-4F4C-8326-9E3D7A2B8EBE}
		{66F6013F-12F8-4BE7-B66B-223E59DA53E8} = {9729D28E-0A24-42CF-ADC0-60FDFD3240B2}
	EndGlobalSection
	GlobalSection(ExtensibilityGlobals) = postSolution
		SolutionGuid = {BAF87BD1-3F60-482D-8257-FCFBF5436EDA}
	EndGlobalSection
EndGlobal
